
Microsoft Visual Studio Solution File, Format Version 12.00
# Visual Studio 2012
Project("{FAE04EC0-301F-11D3-BF4B-00C04F79EFBC}") = "FacebookPagesApp", "FacebookPagesApp\FacebookPagesApp.csproj", "{0EF604D0-82AC-48B4-817B-4E1E550070E5}"
EndProject
Project("{2150E333-8FDC-42A3-9474-1A3956D46DE8}") = "RxApp", "RxApp", "{44C07A99-B15A-4B1D-9785-3673879F11AF}"
EndProject
Project("{FAE04EC0-301F-11D3-BF4B-00C04F79EFBC}") = "RxApp", "RxApp\RxApp\RxApp.csproj", "{CC5733DE-CD02-451A-8371-2F6067A5CE07}"
EndProject
Project("{FAE04EC0-301F-11D3-BF4B-00C04F79EFBC}") = "RxApp.Android", "RxApp\RxApp.Android\RxApp.Android.csproj", "{C25BB5A4-5A21-4837-8F8F-B46673937F6D}"
EndProject
Project("{f2a71f9b-5d33-465a-a702-920d77279786}") = "FacebookSession", "FacebookSession\FacebookSession.fsproj", "{BD895915-6231-454E-9B19-9826AA1F0A63}"
EndProject
Project("{f2a71f9b-5d33-465a-a702-920d77279786}") = "FSharpControlReactive", "FSharpControlReactive\FSharpControlReactive.fsproj", "{71A9B271-CC7D-4EF0-82DB-23E0F3F88B6C}"
EndProject
Project("{f2a71f9b-5d33-465a-a702-920d77279786}") = "FacebookPagesAppCore", "FacebookPagesAppCore\FacebookPagesAppCore.fsproj", "{B5E7AB38-54C6-4435-AA85-8D69857B27EB}"
EndProject
Global
	GlobalSection(SolutionConfigurationPlatforms) = preSolution
		Debug|Any CPU = Debug|Any CPU
		Release|Any CPU = Release|Any CPU
	EndGlobalSection
	GlobalSection(ProjectConfigurationPlatforms) = postSolution
		{0EF604D0-82AC-48B4-817B-4E1E550070E5}.Debug|Any CPU.ActiveCfg = Debug|Any CPU
		{0EF604D0-82AC-48B4-817B-4E1E550070E5}.Debug|Any CPU.Build.0 = Debug|Any CPU
		{0EF604D0-82AC-48B4-817B-4E1E550070E5}.Release|Any CPU.ActiveCfg = Release|Any CPU
		{0EF604D0-82AC-48B4-817B-4E1E550070E5}.Release|Any CPU.Build.0 = Release|Any CPU
		{71A9B271-CC7D-4EF0-82DB-23E0F3F88B6C}.Debug|Any CPU.ActiveCfg = Debug|Any CPU
		{71A9B271-CC7D-4EF0-82DB-23E0F3F88B6C}.Debug|Any CPU.Build.0 = Debug|Any CPU
		{71A9B271-CC7D-4EF0-82DB-23E0F3F88B6C}.Release|Any CPU.ActiveCfg = Release|Any CPU
		{71A9B271-CC7D-4EF0-82DB-23E0F3F88B6C}.Release|Any CPU.Build.0 = Release|Any CPU
		{B5E7AB38-54C6-4435-AA85-8D69857B27EB}.Debug|Any CPU.ActiveCfg = Debug|Any CPU
		{B5E7AB38-54C6-4435-AA85-8D69857B27EB}.Debug|Any CPU.Build.0 = Debug|Any CPU
		{B5E7AB38-54C6-4435-AA85-8D69857B27EB}.Release|Any CPU.ActiveCfg = Release|Any CPU
		{B5E7AB38-54C6-4435-AA85-8D69857B27EB}.Release|Any CPU.Build.0 = Release|Any CPU
		{BD895915-6231-454E-9B19-9826AA1F0A63}.Debug|Any CPU.ActiveCfg = Debug|Any CPU
		{BD895915-6231-454E-9B19-9826AA1F0A63}.Debug|Any CPU.Build.0 = Debug|Any CPU
		{BD895915-6231-454E-9B19-9826AA1F0A63}.Release|Any CPU.ActiveCfg = Release|Any CPU
		{BD895915-6231-454E-9B19-9826AA1F0A63}.Release|Any CPU.Build.0 = Release|Any CPU
		{C25BB5A4-5A21-4837-8F8F-B46673937F6D}.Debug|Any CPU.ActiveCfg = Debug|Any CPU
		{C25BB5A4-5A21-4837-8F8F-B46673937F6D}.Debug|Any CPU.Build.0 = Debug|Any CPU
		{C25BB5A4-5A21-4837-8F8F-B46673937F6D}.Release|Any CPU.ActiveCfg = Release|Any CPU
		{C25BB5A4-5A21-4837-8F8F-B46673937F6D}.Release|Any CPU.Build.0 = Release|Any CPU
		{CC5733DE-CD02-451A-8371-2F6067A5CE07}.Debug|Any CPU.ActiveCfg = Debug|Any CPU
		{CC5733DE-CD02-451A-8371-2F6067A5CE07}.Debug|Any CPU.Build.0 = Debug|Any CPU
		{CC5733DE-CD02-451A-8371-2F6067A5CE07}.Release|Any CPU.ActiveCfg = Release|Any CPU
		{CC5733DE-CD02-451A-8371-2F6067A5CE07}.Release|Any CPU.Build.0 = Release|Any CPU
	EndGlobalSection
	GlobalSection(NestedProjects) = preSolution
		{CC5733DE-CD02-451A-8371-2F6067A5CE07} = {44C07A99-B15A-4B1D-9785-3673879F11AF}
		{C25BB5A4-5A21-4837-8F8F-B46673937F6D} = {44C07A99-B15A-4B1D-9785-3673879F11AF}
	EndGlobalSection
EndGlobal
